
Microsoft Visual Studio Solution File, Format Version 12.00
# Visual Studio Version 17
VisualStudioVersion = 17.2.32616.157
MinimumVisualStudioVersion = 10.0.40219.1
Project("{FAE04EC0-301F-11D3-BF4B-00C04F79EFBC}") = "TestApp", "TestApp\TestApp.csproj", "{3FC4FE12-EC32-46DB-889A-9D8D38DE1AA5}"
EndProject
Global
	GlobalSection(SolutionConfigurationPlatforms) = preSolution
		Debug|Any CPU = Debug|Any CPU
		Release|Any CPU = Release|Any CPU
	EndGlobalSection
	GlobalSection(ProjectConfigurationPlatforms) = postSolution
		{3FC4FE12-EC32-46DB-889A-9D8D38DE1AA5}.Debug|Any CPU.ActiveCfg = Debug|Any CPU
		{3FC4FE12-EC32-46DB-889A-9D8D38DE1AA5}.Debug|Any CPU.Build.0 = Debug|Any CPU
		{3FC4FE12-EC32-46DB-889A-9D8D38DE1AA5}.Release|Any CPU.ActiveCfg = Release|Any CPU
		{3FC4FE12-EC32-46DB-889A-9D8D38DE1AA5}.Release|Any CPU.Build.0 = Release|Any CPU
	EndGlobalSection
	GlobalSection(SolutionProperties) = preSolution
		HideSolutionNode = FALSE
	EndGlobalSection
	GlobalSection(ExtensibilityGlobals) = postSolution
		SolutionGuid = {82800E9C-D66B-4049-AC39-6C7BBF17233A}
	EndGlobalSection
EndGlobal
